// !$*UTF8*$!
{
	archiveVersion = 1;
	classes = {
	};
	objectVersion = 56;
	objects = {

/* Begin PBXBuildFile section */
		7F5948BC300DC2BE006B983D /* AmbientBackground.swift in Sources */ = {isa = PBXBuildFile; fileRef = 7F5948BB300DC2BE006B983D /* AmbientBackground.swift */; };
		A00000000000000000000001 /* TuberNotesApp.swift in Sources */ = {isa = PBXBuildFile; fileRef = A00000000000000000000101 /* TuberNotesApp.swift */; };
		A00000000000000000000002 /* RootView.swift in Sources */ = {isa = PBXBuildFile; fileRef = A00000000000000000000102 /* RootView.swift */; };
		A00000000000000000000003 /* SpatialCanvasView.swift in Sources */ = {isa = PBXBuildFile; fileRef = A00000000000000000000103 /* SpatialCanvasView.swift */; };
		A00000000000000000000004 /* PencilCanvas.swift in Sources */ = {isa = PBXBuildFile; fileRef = A00000000000000000000104 /* PencilCanvas.swift */; };
		A00000000000000000000005 /* Pin.swift in Sources */ = {isa = PBXBuildFile; fileRef = A00000000000000000000105 /* Pin.swift */; };
		A00000000000000000000006 /* PinOverlayView.swift in Sources */ = {isa = PBXBuildFile; fileRef = A00000000000000000000106 /* PinOverlayView.swift */; };
		A00000000000000000000007 /* AgentClient.swift in Sources */ = {isa = PBXBuildFile; fileRef = A00000000000000000000107 /* AgentClient.swift */; };
		A00000000000000000000008 /* KnowledgeSearching.swift in Sources */ = {isa = PBXBuildFile; fileRef = A00000000000000000000108 /* KnowledgeSearching.swift */; };
		A00000000000000000000009 /* DevelopmentScenario.swift in Sources */ = {isa = PBXBuildFile; fileRef = A00000000000000000000109 /* DevelopmentScenario.swift */; };
		A0000000000000000000000A /* PenFixture.swift in Sources */ = {isa = PBXBuildFile; fileRef = A0000000000000000000010A /* PenFixture.swift */; };
		A0000000000000000000000C /* AgentInteractionSession.swift in Sources */ = {isa = PBXBuildFile; fileRef = A0000000000000000000010C /* AgentInteractionSession.swift */; };
		A0000000000000000000000D /* AgentRequestBanner.swift in Sources */ = {isa = PBXBuildFile; fileRef = A0000000000000000000010D /* AgentRequestBanner.swift */; };
		A0000000000000000000000E /* ConversationLayer.swift in Sources */ = {isa = PBXBuildFile; fileRef = A0000000000000000000010E /* ConversationLayer.swift */; };
		A0000000000000000000000F /* ConversationLayerOverlayView.swift in Sources */ = {isa = PBXBuildFile; fileRef = A0000000000000000000010F /* ConversationLayerOverlayView.swift */; };
		A00000000000000000000010 /* PDFStrokeCompression.swift in Sources */ = {isa = PBXBuildFile; fileRef = A00000000000000000000110 /* PDFStrokeCompression.swift */; };
		A00000000000000000000011 /* TuberNoteArchive.swift in Sources */ = {isa = PBXBuildFile; fileRef = A00000000000000000000111 /* TuberNoteArchive.swift */; };
		A00000000000000000000012 /* DrawingRefinementClient.swift in Sources */ = {isa = PBXBuildFile; fileRef = A00000000000000000000112 /* DrawingRefinementClient.swift */; };
		A00000000000000000000013 /* DrawingRefinementOverlay.swift in Sources */ = {isa = PBXBuildFile; fileRef = A00000000000000000000113 /* DrawingRefinementOverlay.swift */; };
		A00000000000000000000014 /* LibraryView.swift in Sources */ = {isa = PBXBuildFile; fileRef = A00000000000000000000114 /* LibraryView.swift */; };
		A00000000000000000000015 /* Notebook.swift in Sources */ = {isa = PBXBuildFile; fileRef = A00000000000000000000115 /* Notebook.swift */; };
		A00000000000000000000016 /* NotebookCanvas.swift in Sources */ = {isa = PBXBuildFile; fileRef = A00000000000000000000116 /* NotebookCanvas.swift */; };
		A00000000000000000000017 /* NotebookStore.swift in Sources */ = {isa = PBXBuildFile; fileRef = A00000000000000000000117 /* NotebookStore.swift */; };
		A00000000000000000000018 /* NotebookToolbar.swift in Sources */ = {isa = PBXBuildFile; fileRef = A00000000000000000000118 /* NotebookToolbar.swift */; };
		A00000000000000000000019 /* NotebookView.swift in Sources */ = {isa = PBXBuildFile; fileRef = A00000000000000000000119 /* NotebookView.swift */; };
		A0000000000000000000001A /* NotebookViewModel.swift in Sources */ = {isa = PBXBuildFile; fileRef = A0000000000000000000011A /* NotebookViewModel.swift */; };
		A0000000000000000000001B /* PageFlipOverlay.swift in Sources */ = {isa = PBXBuildFile; fileRef = A0000000000000000000011B /* PageFlipOverlay.swift */; };
		A0000000000000000000001C /* AgentInsight.swift in Sources */ = {isa = PBXBuildFile; fileRef = A0000000000000000000011C /* AgentInsight.swift */; };
		A0000000000000000000001D /* AgentSidebarView.swift in Sources */ = {isa = PBXBuildFile; fileRef = A0000000000000000000011D /* AgentSidebarView.swift */; };
		A0000000000000000000001E /* GlassStyle.swift in Sources */ = {isa = PBXBuildFile; fileRef = A0000000000000000000011E /* GlassStyle.swift */; };
		A0000000000000000000001F /* PageStripView.swift in Sources */ = {isa = PBXBuildFile; fileRef = A0000000000000000000011F /* PageStripView.swift */; };
		A00000000000000000000020 /* PageTemplate.swift in Sources */ = {isa = PBXBuildFile; fileRef = A00000000000000000000120 /* PageTemplate.swift */; };
/* End PBXBuildFile section */

/* Begin PBXFileReference section */
		7F5948BB300DC2BE006B983D /* AmbientBackground.swift */ = {isa = PBXFileReference; lastKnownFileType = sourcecode.swift; path = AmbientBackground.swift; sourceTree = "<group>"; };
		A00000000000000000000101 /* TuberNotesApp.swift */ = {isa = PBXFileReference; lastKnownFileType = sourcecode.swift; path = TuberNotesApp.swift; sourceTree = "<group>"; };
		A00000000000000000000102 /* RootView.swift */ = {isa = PBXFileReference; lastKnownFileType = sourcecode.swift; path = RootView.swift; sourceTree = "<group>"; };
		A00000000000000000000103 /* SpatialCanvasView.swift */ = {isa = PBXFileReference; lastKnownFileType = sourcecode.swift; path = SpatialCanvasView.swift; sourceTree = "<group>"; };
		A00000000000000000000104 /* PencilCanvas.swift */ = {isa = PBXFileReference; lastKnownFileType = sourcecode.swift; path = PencilCanvas.swift; sourceTree = "<group>"; };
		A00000000000000000000105 /* Pin.swift */ = {isa = PBXFileReference; lastKnownFileType = sourcecode.swift; path = Pin.swift; sourceTree = "<group>"; };
		A00000000000000000000106 /* PinOverlayView.swift */ = {isa = PBXFileReference; lastKnownFileType = sourcecode.swift; path = PinOverlayView.swift; sourceTree = "<group>"; };
		A00000000000000000000107 /* AgentClient.swift */ = {isa = PBXFileReference; lastKnownFileType = sourcecode.swift; path = AgentClient.swift; sourceTree = "<group>"; };
		A00000000000000000000108 /* KnowledgeSearching.swift */ = {isa = PBXFileReference; lastKnownFileType = sourcecode.swift; path = KnowledgeSearching.swift; sourceTree = "<group>"; };
		A00000000000000000000109 /* DevelopmentScenario.swift */ = {isa = PBXFileReference; lastKnownFileType = sourcecode.swift; path = DevelopmentScenario.swift; sourceTree = "<group>"; };
		A0000000000000000000010A /* PenFixture.swift */ = {isa = PBXFileReference; lastKnownFileType = sourcecode.swift; path = PenFixture.swift; sourceTree = "<group>"; };
		A0000000000000000000010B /* TuberNotes.app */ = {isa = PBXFileReference; explicitFileType = wrapper.application; includeInIndex = 0; path = TuberNotes.app; sourceTree = BUILT_PRODUCTS_DIR; };
		A0000000000000000000010C /* AgentInteractionSession.swift */ = {isa = PBXFileReference; lastKnownFileType = sourcecode.swift; path = AgentInteractionSession.swift; sourceTree = "<group>"; };
		A0000000000000000000010D /* AgentRequestBanner.swift */ = {isa = PBXFileReference; lastKnownFileType = sourcecode.swift; path = AgentRequestBanner.swift; sourceTree = "<group>"; };
		A0000000000000000000010E /* ConversationLayer.swift */ = {isa = PBXFileReference; lastKnownFileType = sourcecode.swift; path = ConversationLayer.swift; sourceTree = "<group>"; };
		A0000000000000000000010F /* ConversationLayerOverlayView.swift */ = {isa = PBXFileReference; lastKnownFileType = sourcecode.swift; path = ConversationLayerOverlayView.swift; sourceTree = "<group>"; };
		A00000000000000000000110 /* PDFStrokeCompression.swift */ = {isa = PBXFileReference; lastKnownFileType = sourcecode.swift; path = PDFStrokeCompression.swift; sourceTree = "<group>"; };
		A00000000000000000000111 /* TuberNoteArchive.swift */ = {isa = PBXFileReference; lastKnownFileType = sourcecode.swift; path = TuberNoteArchive.swift; sourceTree = "<group>"; };
		A00000000000000000000112 /* DrawingRefinementClient.swift */ = {isa = PBXFileReference; lastKnownFileType = sourcecode.swift; path = DrawingRefinementClient.swift; sourceTree = "<group>"; };
		A00000000000000000000113 /* DrawingRefinementOverlay.swift */ = {isa = PBXFileReference; lastKnownFileType = sourcecode.swift; path = DrawingRefinementOverlay.swift; sourceTree = "<group>"; };
		A00000000000000000000114 /* LibraryView.swift */ = {isa = PBXFileReference; lastKnownFileType = sourcecode.swift; path = LibraryView.swift; sourceTree = "<group>"; };
		A00000000000000000000115 /* Notebook.swift */ = {isa = PBXFileReference; lastKnownFileType = sourcecode.swift; path = Notebook.swift; sourceTree = "<group>"; };
		A00000000000000000000116 /* NotebookCanvas.swift */ = {isa = PBXFileReference; lastKnownFileType = sourcecode.swift; path = NotebookCanvas.swift; sourceTree = "<group>"; };
		A00000000000000000000117 /* NotebookStore.swift */ = {isa = PBXFileReference; lastKnownFileType = sourcecode.swift; path = NotebookStore.swift; sourceTree = "<group>"; };
		A00000000000000000000118 /* NotebookToolbar.swift */ = {isa = PBXFileReference; lastKnownFileType = sourcecode.swift; path = NotebookToolbar.swift; sourceTree = "<group>"; };
		A00000000000000000000119 /* NotebookView.swift */ = {isa = PBXFileReference; lastKnownFileType = sourcecode.swift; path = NotebookView.swift; sourceTree = "<group>"; };
		A0000000000000000000011A /* NotebookViewModel.swift */ = {isa = PBXFileReference; lastKnownFileType = sourcecode.swift; path = NotebookViewModel.swift; sourceTree = "<group>"; };
		A0000000000000000000011B /* PageFlipOverlay.swift */ = {isa = PBXFileReference; lastKnownFileType = sourcecode.swift; path = PageFlipOverlay.swift; sourceTree = "<group>"; };
		A0000000000000000000011C /* AgentInsight.swift */ = {isa = PBXFileReference; lastKnownFileType = sourcecode.swift; path = AgentInsight.swift; sourceTree = "<group>"; };
		A0000000000000000000011D /* AgentSidebarView.swift */ = {isa = PBXFileReference; lastKnownFileType = sourcecode.swift; path = AgentSidebarView.swift; sourceTree = "<group>"; };
		A0000000000000000000011E /* GlassStyle.swift */ = {isa = PBXFileReference; lastKnownFileType = sourcecode.swift; path = GlassStyle.swift; sourceTree = "<group>"; };
		A0000000000000000000011F /* PageStripView.swift */ = {isa = PBXFileReference; lastKnownFileType = sourcecode.swift; path = PageStripView.swift; sourceTree = "<group>"; };
		A00000000000000000000120 /* PageTemplate.swift */ = {isa = PBXFileReference; lastKnownFileType = sourcecode.swift; path = PageTemplate.swift; sourceTree = "<group>"; };
/* End PBXFileReference section */

/* Begin PBXFrameworksBuildPhase section */
		A00000000000000000000302 /* Frameworks */ = {
			isa = PBXFrameworksBuildPhase;
			buildActionMask = 2147483647;
			files = (
			);
			runOnlyForDeploymentPostprocessing = 0;
		};
/* End PBXFrameworksBuildPhase section */

/* Begin PBXGroup section */
		A00000000000000000000201 = {
			isa = PBXGroup;
			children = (
				A00000000000000000000202 /* TuberNotes */,
				A00000000000000000000208 /* Products */,
			);
			sourceTree = "<group>";
		};
		A00000000000000000000202 /* TuberNotes */ = {
			isa = PBXGroup;
			children = (
				A00000000000000000000203 /* App */,
				A00000000000000000000204 /* SpatialCanvas */,
				A00000000000000000000205 /* Pins */,
				A00000000000000000000206 /* AgentHarness */,
				A00000000000000000000207 /* Knowledge */,
				A00000000000000000000209 /* DeveloperSupport */,
				A0000000000000000000020A /* Notebook */,
			);
			path = TuberNotes;
			sourceTree = "<group>";
		};
		A00000000000000000000203 /* App */ = {
			isa = PBXGroup;
			children = (
				A00000000000000000000101 /* TuberNotesApp.swift */,
				A00000000000000000000102 /* RootView.swift */,
			);
			path = App;
			sourceTree = "<group>";
		};
		A00000000000000000000204 /* SpatialCanvas */ = {
			isa = PBXGroup;
			children = (
				A00000000000000000000103 /* SpatialCanvasView.swift */,
				A00000000000000000000104 /* PencilCanvas.swift */,
				A00000000000000000000110 /* PDFStrokeCompression.swift */,
				A00000000000000000000111 /* TuberNoteArchive.swift */,
				A00000000000000000000113 /* DrawingRefinementOverlay.swift */,
			);
			path = SpatialCanvas;
			sourceTree = "<group>";
		};
		A00000000000000000000205 /* Pins */ = {
			isa = PBXGroup;
			children = (
				A00000000000000000000105 /* Pin.swift */,
				A00000000000000000000106 /* PinOverlayView.swift */,
				A0000000000000000000010E /* ConversationLayer.swift */,
				A0000000000000000000010F /* ConversationLayerOverlayView.swift */,
			);
			path = Pins;
			sourceTree = "<group>";
		};
		A00000000000000000000206 /* AgentHarness */ = {
			isa = PBXGroup;
			children = (
				A00000000000000000000107 /* AgentClient.swift */,
				A00000000000000000000112 /* DrawingRefinementClient.swift */,
			);
			path = AgentHarness;
			sourceTree = "<group>";
		};
		A00000000000000000000207 /* Knowledge */ = {
			isa = PBXGroup;
			children = (
				A00000000000000000000108 /* KnowledgeSearching.swift */,
			);
			path = Knowledge;
			sourceTree = "<group>";
		};
		A00000000000000000000208 /* Products */ = {
			isa = PBXGroup;
			children = (
				A0000000000000000000010B /* TuberNotes.app */,
			);
			name = Products;
			sourceTree = "<group>";
		};
		A00000000000000000000209 /* DeveloperSupport */ = {
			isa = PBXGroup;
			children = (
				A00000000000000000000109 /* DevelopmentScenario.swift */,
				A0000000000000000000010A /* PenFixture.swift */,
				A0000000000000000000010C /* AgentInteractionSession.swift */,
				A0000000000000000000010D /* AgentRequestBanner.swift */,
			);
			path = DeveloperSupport;
			sourceTree = "<group>";
		};
		A0000000000000000000020A /* Notebook */ = {
			isa = PBXGroup;
			children = (
				A0000000000000000000011C /* AgentInsight.swift */,
				A0000000000000000000011D /* AgentSidebarView.swift */,
				A0000000000000000000011E /* GlassStyle.swift */,
				A00000000000000000000114 /* LibraryView.swift */,
				A00000000000000000000115 /* Notebook.swift */,
				A00000000000000000000116 /* NotebookCanvas.swift */,
				A00000000000000000000117 /* NotebookStore.swift */,
				A00000000000000000000118 /* NotebookToolbar.swift */,
				A00000000000000000000119 /* NotebookView.swift */,
				A0000000000000000000011A /* NotebookViewModel.swift */,
				A0000000000000000000011B /* PageFlipOverlay.swift */,
				A0000000000000000000011F /* PageStripView.swift */,
				A00000000000000000000120 /* PageTemplate.swift */,
				7F5948BB300DC2BE006B983D /* AmbientBackground.swift */,
			);
			path = Notebook;
			sourceTree = "<group>";
		};
/* End PBXGroup section */

/* Begin PBXNativeTarget section */
		A00000000000000000000401 /* TuberNotes */ = {
			isa = PBXNativeTarget;
			buildConfigurationList = A00000000000000000000602 /* Build configuration list for PBXNativeTarget "TuberNotes" */;
			buildPhases = (
				A00000000000000000000301 /* Sources */,
				A00000000000000000000302 /* Frameworks */,
				A00000000000000000000303 /* Resources */,
			);
			buildRules = (
			);
			dependencies = (
			);
			name = TuberNotes;
			productName = TuberNotes;
			productReference = A0000000000000000000010B /* TuberNotes.app */;
			productType = "com.apple.product-type.application";
		};
/* End PBXNativeTarget section */

/* Begin PBXProject section */
		A00000000000000000000501 /* Project object */ = {
			isa = PBXProject;
			attributes = {
				BuildIndependentTargetsInParallel = 1;
				LastSwiftUpdateCheck = 2660;
				LastUpgradeCheck = 2660;
				TargetAttributes = {
					A00000000000000000000401 = {
						CreatedOnToolsVersion = 26.6;
					};
				};
			};
			buildConfigurationList = A00000000000000000000601 /* Build configuration list for PBXProject "TuberNotes" */;
			compatibilityVersion = "Xcode 14.0";
			developmentRegion = en;
			hasScannedForEncodings = 0;
			knownRegions = (
				en,
				Base,
			);
			mainGroup = A00000000000000000000201;
			productRefGroup = A00000000000000000000208 /* Products */;
			projectDirPath = "";
			projectRoot = "";
			targets = (
				A00000000000000000000401 /* TuberNotes */,
			);
		};
/* End PBXProject section */

/* Begin PBXResourcesBuildPhase section */
		A00000000000000000000303 /* Resources */ = {
			isa = PBXResourcesBuildPhase;
			buildActionMask = 2147483647;
			files = (
			);
			runOnlyForDeploymentPostprocessing = 0;
		};
/* End PBXResourcesBuildPhase section */

/* Begin PBXSourcesBuildPhase section */
		A00000000000000000000301 /* Sources */ = {
			isa = PBXSourcesBuildPhase;
			buildActionMask = 2147483647;
			files = (
				A00000000000000000000001 /* TuberNotesApp.swift in Sources */,
				A00000000000000000000002 /* RootView.swift in Sources */,
				A00000000000000000000003 /* SpatialCanvasView.swift in Sources */,
				A00000000000000000000004 /* PencilCanvas.swift in Sources */,
				A00000000000000000000005 /* Pin.swift in Sources */,
				A00000000000000000000006 /* PinOverlayView.swift in Sources */,
				A00000000000000000000007 /* AgentClient.swift in Sources */,
				A00000000000000000000008 /* KnowledgeSearching.swift in Sources */,
				A00000000000000000000009 /* DevelopmentScenario.swift in Sources */,
				A0000000000000000000000A /* PenFixture.swift in Sources */,
				A0000000000000000000000C /* AgentInteractionSession.swift in Sources */,
				A0000000000000000000000D /* AgentRequestBanner.swift in Sources */,
				A0000000000000000000000E /* ConversationLayer.swift in Sources */,
				A0000000000000000000000F /* ConversationLayerOverlayView.swift in Sources */,
				A00000000000000000000010 /* PDFStrokeCompression.swift in Sources */,
				A00000000000000000000011 /* TuberNoteArchive.swift in Sources */,
				A00000000000000000000012 /* DrawingRefinementClient.swift in Sources */,
				A00000000000000000000013 /* DrawingRefinementOverlay.swift in Sources */,
				7F5948BC300DC2BE006B983D /* AmbientBackground.swift in Sources */,
				A00000000000000000000014 /* LibraryView.swift in Sources */,
				A00000000000000000000015 /* Notebook.swift in Sources */,
				A00000000000000000000016 /* NotebookCanvas.swift in Sources */,
				A00000000000000000000017 /* NotebookStore.swift in Sources */,
				A00000000000000000000018 /* NotebookToolbar.swift in Sources */,
				A00000000000000000000019 /* NotebookView.swift in Sources */,
				A0000000000000000000001A /* NotebookViewModel.swift in Sources */,
				A0000000000000000000001B /* PageFlipOverlay.swift in Sources */,
				A0000000000000000000001C /* AgentInsight.swift in Sources */,
				A0000000000000000000001D /* AgentSidebarView.swift in Sources */,
				A0000000000000000000001E /* GlassStyle.swift in Sources */,
				A0000000000000000000001F /* PageStripView.swift in Sources */,
				A00000000000000000000020 /* PageTemplate.swift in Sources */,
			);
			runOnlyForDeploymentPostprocessing = 0;
		};
/* End PBXSourcesBuildPhase section */

/* Begin XCBuildConfiguration section */
		A00000000000000000000701 /* Debug */ = {
			isa = XCBuildConfiguration;
			buildSettings = {
				ALWAYS_SEARCH_USER_PATHS = NO;
				CLANG_ENABLE_MODULES = YES;
				CLANG_ENABLE_OBJC_ARC = YES;
				COPY_PHASE_STRIP = NO;
				DEBUG_INFORMATION_FORMAT = dwarf;
				ENABLE_TESTABILITY = YES;
				GCC_C_LANGUAGE_STANDARD = gnu17;
				GCC_OPTIMIZATION_LEVEL = 0;
				GCC_PREPROCESSOR_DEFINITIONS = (
					"DEBUG=1",
					"$(inherited)",
				);
				IPHONEOS_DEPLOYMENT_TARGET = 17.0;
				MTL_ENABLE_DEBUG_INFO = INCLUDE_SOURCE;
				ONLY_ACTIVE_ARCH = YES;
				SDKROOT = iphoneos;
				SWIFT_ACTIVE_COMPILATION_CONDITIONS = "DEBUG $(inherited)";
				SWIFT_OPTIMIZATION_LEVEL = "-Onone";
			};
			name = Debug;
		};
		A00000000000000000000702 /* Release */ = {
			isa = XCBuildConfiguration;
			buildSettings = {
				ALWAYS_SEARCH_USER_PATHS = NO;
				CLANG_ENABLE_MODULES = YES;
				CLANG_ENABLE_OBJC_ARC = YES;
				COPY_PHASE_STRIP = YES;
				DEBUG_INFORMATION_FORMAT = "dwarf-with-dsym";
				GCC_C_LANGUAGE_STANDARD = gnu17;
				IPHONEOS_DEPLOYMENT_TARGET = 17.0;
				SDKROOT = iphoneos;
				SWIFT_COMPILATION_MODE = wholemodule;
				SWIFT_OPTIMIZATION_LEVEL = "-O";
				VALIDATE_PRODUCT = YES;
			};
			name = Release;
		};
		A00000000000000000000703 /* Debug */ = {
			isa = XCBuildConfiguration;
			buildSettings = {
				ASSETCATALOG_COMPILER_GENERATE_SWIFT_ASSET_SYMBOL_EXTENSIONS = YES;
				CODE_SIGN_STYLE = Automatic;
				CURRENT_PROJECT_VERSION = 1;
				DEVELOPMENT_TEAM = 8UR4G77744;
				GENERATE_INFOPLIST_FILE = YES;
				INFOPLIST_KEY_CFBundleDisplayName = TuberNotes;
				INFOPLIST_KEY_TuberRefinementEndpoint = "";
				INFOPLIST_KEY_UIApplicationSceneManifest_Generation = YES;
				INFOPLIST_KEY_UIApplicationSupportsIndirectInputEvents = YES;
				INFOPLIST_KEY_UILaunchScreen_Generation = YES;
				INFOPLIST_KEY_UIRequiresFullScreen = YES;
				INFOPLIST_KEY_UISupportedInterfaceOrientations_iPad = "UIInterfaceOrientationPortrait UIInterfaceOrientationPortraitUpsideDown UIInterfaceOrientationLandscapeLeft UIInterfaceOrientationLandscapeRight";
				IPHONEOS_DEPLOYMENT_TARGET = 17.0;
				MARKETING_VERSION = 0.1;
				PRODUCT_BUNDLE_IDENTIFIER = com.claire.tubernotes.app;
				PRODUCT_NAME = "$(TARGET_NAME)";
				SDKROOT = iphoneos;
				SUPPORTED_PLATFORMS = "iphoneos iphonesimulator";
				SUPPORTS_MACCATALYST = NO;
				SWIFT_EMIT_LOC_STRINGS = YES;
				SWIFT_VERSION = 5.0;
				TARGETED_DEVICE_FAMILY = 2;
			};
			name = Debug;
		};
		A00000000000000000000704 /* Release */ = {
			isa = XCBuildConfiguration;
			buildSettings = {
				ASSETCATALOG_COMPILER_GENERATE_SWIFT_ASSET_SYMBOL_EXTENSIONS = YES;
				CODE_SIGN_STYLE = Automatic;
				CURRENT_PROJECT_VERSION = 1;
				DEVELOPMENT_TEAM = 8UR4G77744;
				GENERATE_INFOPLIST_FILE = YES;
				INFOPLIST_KEY_CFBundleDisplayName = TuberNotes;
				INFOPLIST_KEY_TuberRefinementEndpoint = "";
				INFOPLIST_KEY_UIApplicationSceneManifest_Generation = YES;
				INFOPLIST_KEY_UIApplicationSupportsIndirectInputEvents = YES;
				INFOPLIST_KEY_UILaunchScreen_Generation = YES;
				INFOPLIST_KEY_UIRequiresFullScreen = YES;
				INFOPLIST_KEY_UISupportedInterfaceOrientations_iPad = "UIInterfaceOrientationPortrait UIInterfaceOrientationPortraitUpsideDown UIInterfaceOrientationLandscapeLeft UIInterfaceOrientationLandscapeRight";
				IPHONEOS_DEPLOYMENT_TARGET = 17.0;
				MARKETING_VERSION = 0.1;
				PRODUCT_BUNDLE_IDENTIFIER = com.claire.tubernotes.app;
				PRODUCT_NAME = "$(TARGET_NAME)";
				SDKROOT = iphoneos;
				SUPPORTED_PLATFORMS = "iphoneos iphonesimulator";
				SUPPORTS_MACCATALYST = NO;
				SWIFT_EMIT_LOC_STRINGS = YES;
				SWIFT_VERSION = 5.0;
				TARGETED_DEVICE_FAMILY = 2;
			};
			name = Release;
		};
/* End XCBuildConfiguration section */

/* Begin XCConfigurationList section */
		A00000000000000000000601 /* Build configuration list for PBXProject "TuberNotes" */ = {
			isa = XCConfigurationList;
			buildConfigurations = (
				A00000000000000000000701 /* Debug */,
				A00000000000000000000702 /* Release */,
			);
			defaultConfigurationIsVisible = 0;
			defaultConfigurationName = Release;
		};
		A00000000000000000000602 /* Build configuration list for PBXNativeTarget "TuberNotes" */ = {
			isa = XCConfigurationList;
			buildConfigurations = (
				A00000000000000000000703 /* Debug */,
				A00000000000000000000704 /* Release */,
			);
			defaultConfigurationIsVisible = 0;
			defaultConfigurationName = Release;
		};
/* End XCConfigurationList section */
	};
	rootObject = A00000000000000000000501 /* Project object */;
}
